
Microsoft Visual Studio Solution File, Format Version 12.00
# Visual Studio 14
VisualStudioVersion = 14.0.25420.1
MinimumVisualStudioVersion = 10.0.40219.1
Project("{FAE04EC0-301F-11D3-BF4B-00C04F79EFBC}") = "atelier.Domain", "atelier.Domain\atelier.Domain.csproj", "{5850814F-D6D6-4ABF-A77E-C122D4366963}"
EndProject
Project("{FAE04EC0-301F-11D3-BF4B-00C04F79EFBC}") = "atelier", "atelier\atelier.csproj", "{6003DB0E-3BB0-4D76-A537-4C00B0950A86}"
EndProject
Global
	GlobalSection(SolutionConfigurationPlatforms) = preSolution
		Debug|Any CPU = Debug|Any CPU
		Release|Any CPU = Release|Any CPU
	EndGlobalSection
	GlobalSection(ProjectConfigurationPlatforms) = postSolution
		{5850814F-D6D6-4ABF-A77E-C122D4366963}.Debug|Any CPU.ActiveCfg = Debug|Any CPU
		{5850814F-D6D6-4ABF-A77E-C122D4366963}.Debug|Any CPU.Build.0 = Debug|Any CPU
		{5850814F-D6D6-4ABF-A77E-C122D4366963}.Release|Any CPU.ActiveCfg = Release|Any CPU
		{5850814F-D6D6-4ABF-A77E-C122D4366963}.Release|Any CPU.Build.0 = Release|Any CPU
		{6003DB0E-3BB0-4D76-A537-4C00B0950A86}.Debug|Any CPU.ActiveCfg = Debug|Any CPU
		{6003DB0E-3BB0-4D76-A537-4C00B0950A86}.Debug|Any CPU.Build.0 = Debug|Any CPU
		{6003DB0E-3BB0-4D76-A537-4C00B0950A86}.Release|Any CPU.ActiveCfg = Release|Any CPU
		{6003DB0E-3BB0-4D76-A537-4C00B0950A86}.Release|Any CPU.Build.0 = Release|Any CPU
	EndGlobalSection
	GlobalSection(SolutionProperties) = preSolution
		HideSolutionNode = FALSE
	EndGlobalSection
EndGlobal
